
Microsoft Visual Studio Solution File, Format Version 12.00
# Visual Studio Version 17
VisualStudioVersion = 17.0.31903.59
MinimumVisualStudioVersion = 10.0.40219.1
Project("{9A19103F-16F7-4668-BE54-9A1E7A4F7556}") = "UtmBuilder.Core", "UtmBuilder.Core\UtmBuilder.Core.csproj", "{25A20F8A-E0FE-4AE0-A8DD-7D8BF9A1BEF9}"
EndProject
Project("{FAE04EC0-301F-11D3-BF4B-00C04F79EFBC}") = "UtmBuilder.Core.Tests", "UtmBuilder.Core.Tests\UtmBuilder.Core.Tests.csproj", "{6A7F6231-B357-4998-BF6F-8CD1EF1EF05C}"
EndProject
Global
	GlobalSection(SolutionConfigurationPlatforms) = preSolution
		Debug|Any CPU = Debug|Any CPU
		Release|Any CPU = Release|Any CPU
	EndGlobalSection
	GlobalSection(ProjectConfigurationPlatforms) = postSolution
		{25A20F8A-E0FE-4AE0-A8DD-7D8BF9A1BEF9}.Debug|Any CPU.ActiveCfg = Debug|Any CPU
		{25A20F8A-E0FE-4AE0-A8DD-7D8BF9A1BEF9}.Debug|Any CPU.Build.0 = Debug|Any CPU
		{25A20F8A-E0FE-4AE0-A8DD-7D8BF9A1BEF9}.Release|Any CPU.ActiveCfg = Release|Any CPU
		{25A20F8A-E0FE-4AE0-A8DD-7D8BF9A1BEF9}.Release|Any CPU.Build.0 = Release|Any CPU
		{6A7F6231-B357-4998-BF6F-8CD1EF1EF05C}.Debug|Any CPU.ActiveCfg = Debug|Any CPU
		{6A7F6231-B357-4998-BF6F-8CD1EF1EF05C}.Debug|Any CPU.Build.0 = Debug|Any CPU
		{6A7F6231-B357-4998-BF6F-8CD1EF1EF05C}.Release|Any CPU.ActiveCfg = Release|Any CPU
		{6A7F6231-B357-4998-BF6F-8CD1EF1EF05C}.Release|Any CPU.Build.0 = Release|Any CPU
	EndGlobalSection
	GlobalSection(SolutionProperties) = preSolution
		HideSolutionNode = FALSE
	EndGlobalSection
	GlobalSection(ExtensibilityGlobals) = postSolution
		SolutionGuid = {E7E2BBE6-B1F2-445D-8BD6-46E0A7B4B10C}
	EndGlobalSection
EndGlobal
